# THIS IS AN AUTOGENERATED FILE. DO NOT EDIT THIS FILE DIRECTLY.
# yarn lockfile v1


"@bufbuild/buf-darwin-arm64@1.72.0":
  version "1.72.0"
  resolved "https://registry.npmjs.org/@bufbuild/buf-darwin-arm64/-/buf-darwin-arm64-1.72.0.tgz"
  integrity sha512-rKHRvjwAThapxIoOn92vIoTjYSz5FmRemDRLU4BYT4T6QWMEC13PM3/pPnqVgsNKZ5aW7iYDm9ztnisEqSi5yA==

"@bufbuild/buf@^1.72.0":
  version "1.72.0"
  resolved "https://registry.npmjs.org/@bufbuild/buf/-/buf-1.72.0.tgz"
  integrity sha512-BwBKTX/WXkhAhqWJGrEKnqU03/4tK1O0OozSlwUMBCOEo8pLL3xu3M24RT3+umExEeM0wjlANO6axqGWMqtt4Q==
  optionalDependencies:
    "@bufbuild/buf-darwin-arm64" "1.72.0"
    "@bufbuild/buf-darwin-x64" "1.72.0"
    "@bufbuild/buf-linux-aarch64" "1.72.0"
    "@bufbuild/buf-linux-armv7" "1.72.0"
    "@bufbuild/buf-linux-x64" "1.72.0"
    "@bufbuild/buf-win32-arm64" "1.72.0"
    "@bufbuild/buf-win32-x64" "1.72.0"

"@bufbuild/protobuf@^2.13.0", "@bufbuild/protobuf@2.13.0":
  version "2.13.0"
  resolved "https://registry.npmjs.org/@bufbuild/protobuf/-/protobuf-2.13.0.tgz"
  integrity sha512-acq7c49vxfm1ggJ95P70TX7ABDM0vxr1SYD3BB0o0jnBLB4OAqeHyKuN+cD3w80gXEDQ2zxHpR6CUeA+O/aU9g==

"@bufbuild/protoc-gen-es@^2.13.0":
  version "2.13.0"
  resolved "https://registry.npmjs.org/@bufbuild/protoc-gen-es/-/protoc-gen-es-2.13.0.tgz"
  integrity sha512-ylI1vrLksdnXrVZRs9xGxmrQxKGhUm6pPszv26kqBvNiO3qPTktk+hgfwbLISBY4M/reShkT2dFLGT9fbydBXg==
  dependencies:
    "@bufbuild/protobuf" "2.13.0"
    "@bufbuild/protoplugin" "2.13.0"

"@bufbuild/protoplugin@2.13.0":
  version "2.13.0"
  resolved "https://registry.npmjs.org/@bufbuild/protoplugin/-/protoplugin-2.13.0.tgz"
  integrity sha512-32eMChKaL/A8Hh5AfMmXSdnuyznN85uoEjoyWiWeRrvtQOtpqX/v1R9PDe0g9vMIgzznK9inMT3CUaal0kjLUQ==
  dependencies:
    "@bufbuild/protobuf" "2.13.0"
    "@typescript/vfs" "^1.6.2"
    typescript "5.4.5"

"@esbuild/darwin-arm64@0.28.2":
  version "0.28.2"
  resolved "https://registry.npmjs.org/@esbuild/darwin-arm64/-/darwin-arm64-0.28.2.tgz"
  integrity sha512-n4KqkOQrraxHJcgjM1RvwbigfQKIKJVpM7xp+KsxiyUSrRdIXnt73VhrPAx0fV44hgfmIVKjxMN9J1t5jySVkw==

"@types/node@^22.13.14":
  version "22.20.1"
  resolved "https://registry.npmjs.org/@types/node/-/node-22.20.1.tgz"
  integrity sha512-EANqOCF9QFyra+4pfxUcX9STKJpCLjMbObVzljIJomAWSnuSIEAvyzEU53GaajbXJEgdh0iEcPL+DGvpUd4k1Q==
  dependencies:
    undici-types "~6.21.0"

"@typescript/typescript-darwin-arm64@7.0.2":
  version "7.0.2"
  resolved "https://registry.npmjs.org/@typescript/typescript-darwin-arm64/-/typescript-darwin-arm64-7.0.2.tgz"
  integrity sha512-gowzar9MwS/aRWp6f3a4KUqzRjAZjOsmGNCM6LcTgXum+dBfgsBVMN+AgvOCCbguXyick6LJhpBszxMebJ8syA==

"@typescript/vfs@^1.6.2":
  version "1.6.4"
  resolved "https://registry.npmjs.org/@typescript/vfs/-/vfs-1.6.4.tgz"
  integrity sha512-PJFXFS4ZJKiJ9Qiuix6Dz/OwEIqHD7Dme1UwZhTK11vR+5dqW2ACbdndWQexBzCx+CPuMe5WBYQWCsFyGlQLlQ==
  dependencies:
    debug "^4.4.3"

avro-js@^1.12.1:
  version "1.12.1"
  resolved "https://registry.npmjs.org/avro-js/-/avro-js-1.12.1.tgz"
  integrity sha512-P8gTa620GdU/p1XXkWJup9Nkth3aEExgw8+0eyrKBrFLBW587iXOKyQfQ+TkgzyxUcMm8wo45KmPKujvPPRpsQ==
  dependencies:
    underscore "^1.13.2"

debug@^4.4.3:
  version "4.4.3"
  resolved "https://registry.npmjs.org/debug/-/debug-4.4.3.tgz"
  integrity sha512-RGwwWnwQvkVfavKVt22FGLw+xYSdzARwm0ru6DhTVA3umU5hZc28V3kO4stgYryrTlLpuvgI9GiijltAjNbcqA==
  dependencies:
    ms "^2.1.3"

esbuild@~0.28.0:
  version "0.28.2"
  resolved "https://registry.npmjs.org/esbuild/-/esbuild-0.28.2.tgz"
  integrity sha512-HKVLS8dvII+xoKW9kmqxbRKrnWEXfJJr/FZhhJmiqIB0e053QNYFqOBouTMO/k5sID4MvCiUCvv8b9M4h32wIA==
  optionalDependencies:
    "@esbuild/aix-ppc64" "0.28.2"
    "@esbuild/android-arm" "0.28.2"
    "@esbuild/android-arm64" "0.28.2"
    "@esbuild/android-x64" "0.28.2"
    "@esbuild/darwin-arm64" "0.28.2"
    "@esbuild/darwin-x64" "0.28.2"
    "@esbuild/freebsd-arm64" "0.28.2"
    "@esbuild/freebsd-x64" "0.28.2"
    "@esbuild/linux-arm" "0.28.2"
    "@esbuild/linux-arm64" "0.28.2"
    "@esbuild/linux-ia32" "0.28.2"
    "@esbuild/linux-loong64" "0.28.2"
    "@esbuild/linux-mips64el" "0.28.2"
    "@esbuild/linux-ppc64" "0.28.2"
    "@esbuild/linux-riscv64" "0.28.2"
    "@esbuild/linux-s390x" "0.28.2"
    "@esbuild/linux-x64" "0.28.2"
    "@esbuild/netbsd-arm64" "0.28.2"
    "@esbuild/netbsd-x64" "0.28.2"
    "@esbuild/openbsd-arm64" "0.28.2"
    "@esbuild/openbsd-x64" "0.28.2"
    "@esbuild/openharmony-arm64" "0.28.2"
    "@esbuild/sunos-x64" "0.28.2"
    "@esbuild/win32-arm64" "0.28.2"
    "@esbuild/win32-ia32" "0.28.2"
    "@esbuild/win32-x64" "0.28.2"

ms@^2.1.3:
  version "2.1.3"
  resolved "https://registry.npmjs.org/ms/-/ms-2.1.3.tgz"
  integrity sha512-6FlzubTLZG3J2a/NVCAleEhjzq5oxgHyaCU9yYXvcLsvoVaHJq/s5xXI6/XXP6tz7R9xAOtHnSO/tXtF3WRTlA==

tsx@^4.23.11:
  version "4.23.11"
  resolved "https://registry.npmjs.org/tsx/-/tsx-4.23.11.tgz"
  integrity sha512-Ry2oTEUnhBdeEdWIztY8kf3/nBGnPnjMLVGL0YfdRXMORuPER5NlKmayqxtxRxwB1xBN+RivRaJfe7PM1rtiyw==
  dependencies:
    esbuild "~0.28.0"
  optionalDependencies:
    fsevents "~2.3.3"

typescript@*, typescript@^7.0.2:
  version "7.0.2"
  resolved "https://registry.npmjs.org/typescript/-/typescript-7.0.2.tgz"
  integrity sha512-8FYau96o3NKOhbjKi/qNvG/W5jhzxkbdm5sj9AbZ/5T5sWqn3hJgLfGx27sRKZWTvyzCP8dLRBTf5tBTSRVUNA==
  optionalDependencies:
    "@typescript/typescript-aix-ppc64" "7.0.2"
    "@typescript/typescript-darwin-arm64" "7.0.2"
    "@typescript/typescript-darwin-x64" "7.0.2"
    "@typescript/typescript-freebsd-arm64" "7.0.2"
    "@typescript/typescript-freebsd-x64" "7.0.2"
    "@typescript/typescript-linux-arm" "7.0.2"
    "@typescript/typescript-linux-arm64" "7.0.2"
    "@typescript/typescript-linux-loong64" "7.0.2"
    "@typescript/typescript-linux-mips64el" "7.0.2"
    "@typescript/typescript-linux-ppc64" "7.0.2"
    "@typescript/typescript-linux-riscv64" "7.0.2"
    "@typescript/typescript-linux-s390x" "7.0.2"
    "@typescript/typescript-linux-x64" "7.0.2"
    "@typescript/typescript-netbsd-arm64" "7.0.2"
    "@typescript/typescript-netbsd-x64" "7.0.2"
    "@typescript/typescript-openbsd-arm64" "7.0.2"
    "@typescript/typescript-openbsd-x64" "7.0.2"
    "@typescript/typescript-sunos-x64" "7.0.2"
    "@typescript/typescript-win32-arm64" "7.0.2"
    "@typescript/typescript-win32-x64" "7.0.2"

typescript@5.4.5:
  version "5.4.5"
  resolved "https://registry.npmjs.org/typescript/-/typescript-5.4.5.tgz"
  integrity sha512-vcI4UpRgg81oIRUFwR0WSIHKt11nJ7SAVlYNIu+QpqeyXP+gpQJy/Z4+F0aGxSE4MqwjyXvW/TzgkLAx2AGHwQ==

underscore@^1.13.2:
  version "1.13.8"
  resolved "https://registry.npmjs.org/underscore/-/underscore-1.13.8.tgz"
  integrity sha512-DXtD3ZtEQzc7M8m4cXotyHR+FAS18C64asBYY5vqZexfYryNNnDc02W4hKg3rdQuqOYas1jkseX0+nZXjTXnvQ==

undici-types@~6.21.0:
  version "6.21.0"
  resolved "https://registry.npmjs.org/undici-types/-/undici-types-6.21.0.tgz"
  integrity sha512-iwDZqg0QAGrg9Rav5H4n0M64c3mkR59cJ6wQp+7C4nI0gsmExaedaYLNO44eT4AtBBwjbTiGPMlt2Md0T9H9JQ==
